
Microsoft Visual Studio Solution File, Format Version 12.00
# Visual Studio Version 17
VisualStudioVersion = 17.2.32630.192
MinimumVisualStudioVersion = 10.0.40219.1
Project("{FAE04EC0-301F-11D3-BF4B-00C04F79EFBC}") = "DG_Tool", "AirtelPro\DG_Tool.csproj", "{BDAE3F69-18A4-4285-B357-3DCEED537086}"
EndProject
Global
	GlobalSection(SolutionConfigurationPlatforms) = preSolution
		Debug|Any CPU = Debug|Any CPU
		Release|Any CPU = Release|Any CPU
	EndGlobalSection
	GlobalSection(ProjectConfigurationPlatforms) = postSolution
		{BDAE3F69-18A4-4285-B357-3DCEED537086}.Debug|Any CPU.ActiveCfg = Debug|Any CPU
		{BDAE3F69-18A4-4285-B357-3DCEED537086}.Debug|Any CPU.Build.0 = Debug|Any CPU
		{BDAE3F69-18A4-4285-B357-3DCEED537086}.Release|Any CPU.ActiveCfg = Release|Any CPU
		{BDAE3F69-18A4-4285-B357-3DCEED537086}.Release|Any CPU.Build.0 = Release|Any CPU
	EndGlobalSection
	GlobalSection(SolutionProperties) = preSolution
		HideSolutionNode = FALSE
	EndGlobalSection
	GlobalSection(ExtensibilityGlobals) = postSolution
		SolutionGuid = {3FEFA8B6-BBA2-477B-937B-596165096195}
	EndGlobalSection
EndGlobal
